
Microsoft Visual Studio Solution File, Format Version 12.00
# Visual Studio Version 17
VisualStudioVersion = 17.10.34916.146
MinimumVisualStudioVersion = 10.0.40219.1
Project("{FAE04EC0-301F-11D3-BF4B-00C04F79EFBC}") = "BattleShipConsoleGame", "BattleShipConsoleGame\BattleShipConsoleGame.csproj", "{82AA2D6C-3B2E-441E-B307-38A622FB8F4A}"
EndProject
Global
	GlobalSection(SolutionConfigurationPlatforms) = preSolution
		Debug|Any CPU = Debug|Any CPU
		Release|Any CPU = Release|Any CPU
	EndGlobalSection
	GlobalSection(ProjectConfigurationPlatforms) = postSolution
		{82AA2D6C-3B2E-441E-B307-38A622FB8F4A}.Debug|Any CPU.ActiveCfg = Debug|Any CPU
		{82AA2D6C-3B2E-441E-B307-38A622FB8F4A}.Debug|Any CPU.Build.0 = Debug|Any CPU
		{82AA2D6C-3B2E-441E-B307-38A622FB8F4A}.Release|Any CPU.ActiveCfg = Release|Any CPU
		{82AA2D6C-3B2E-441E-B307-38A622FB8F4A}.Release|Any CPU.Build.0 = Release|Any CPU
	EndGlobalSection
	GlobalSection(SolutionProperties) = preSolution
		HideSolutionNode = FALSE
	EndGlobalSection
	GlobalSection(ExtensibilityGlobals) = postSolution
		SolutionGuid = {C2ED6815-5B99-4241-B8FB-1623C6D1706E}
	EndGlobalSection
EndGlobal
